{
  "version": "5",
  "specifiers": {
    "jsr:@deno/installer-shell-setup@*": "0.3.4"
  },
  "jsr": {
    "@deno/installer-shell-setup@0.3.4": {
      "integrity": "48665d1a737d487cce6874bc97bba70a5aeffa7053aca3f60df93c6fab8963b4"
    }
  },
  "redirects": {
    "https://esm.sh/@supabase/supabase-js@2": "https://esm.sh/@supabase/supabase-js@2.117.3",
    "https://esm.sh/iceberg-js@^0.8.1?target=denonext": "https://esm.sh/iceberg-js@0.8.1?target=denonext"
  },
  "remote": {
    "https://deno.land/std@0.177.0/async/abortable.ts": "73acfb3ed7261ce0d930dbe89e43db8d34e017b063cf0eaa7d215477bf53442e",
    "https://deno.land/std@0.177.0/async/deadline.ts": "c5facb0b404eede83e38bd2717ea8ab34faa2ffb20ef87fd261fcba32ba307aa",
    "https://deno.land/std@0.177.0/async/debounce.ts": "adab11d04ca38d699444ac8a9d9856b4155e8dda2afd07ce78276c01ea5a4332",
    "https://deno.land/std@0.177.0/async/deferred.ts": "42790112f36a75a57db4a96d33974a936deb7b04d25c6084a9fa8a49f135def8",
    "https://deno.land/std@0.177.0/async/delay.ts": "73aa04cec034c84fc748c7be49bb15cac3dd43a57174bfdb7a4aec22c248f0dd",
    "https://deno.land/std@0.177.0/async/mod.ts": "f04344fa21738e5ad6bea37a6bfffd57c617c2d372bb9f9dcfd118a1b622e576",
    "https://deno.land/std@0.177.0/async/mux_async_iterator.ts": "70c7f2ee4e9466161350473ad61cac0b9f115cff4c552eaa7ef9d50c4cbb4cc9",
    "https://deno.land/std@0.177.0/async/pool.ts": "fd082bd4aaf26445909889435a5c74334c017847842ec035739b4ae637ae8260",
    "https://deno.land/std@0.177.0/async/retry.ts": "5efa3ba450ac0c07a40a82e2df296287b5013755d232049efd7ea2244f15b20f",
    "https://deno.land/std@0.177.0/async/tee.ts": "47e42d35f622650b02234d43803d0383a89eb4387e1b83b5a40106d18ae36757",
    "https://deno.land/std@0.177.0/http/server.ts": "cbb17b594651215ba95c01a395700684e569c165a567e4e04bba327f41197433",
    "https://esm.sh/@supabase/auth-js@2.117.3/denonext/auth-js.mjs": "667325ae6bfb6b75b64179d4f505b506ad5227e089e56d2ad0cfadbde3ec9fe3",
    "https://esm.sh/@supabase/functions-js@2.117.3/denonext/functions-js.mjs": "78145fe35fe194e9cdc96547d7398b2f422df22090c544706e9afe5e3574a743",
    "https://esm.sh/@supabase/phoenix@0.4.5/denonext/phoenix.mjs": "40bd2a70829cd847848baac58e635bacd83fd62188f6624b44e2c295341004eb",
    "https://esm.sh/@supabase/postgrest-js@2.117.3/denonext/postgrest-js.mjs": "f2b42f3ce448e49a8f4a86b9b29c5214b28e18957d8025dea267cdbde7d7174a",
    "https://esm.sh/@supabase/realtime-js@2.117.3/denonext/realtime-js.mjs": "bc817ea19cb1dd36830c120982bf3012f3a6dda8b89370ce105d2d118ce16ab4",
    "https://esm.sh/@supabase/storage-js@2.117.3/denonext/storage-js.mjs": "d1cde225f2831ec9210defe89fd42f176eb39deecb95d7bf136d6fbd99bd5f2a",
    "https://esm.sh/@supabase/supabase-js@2.117.3": "614f9e550b12b4be7054f947cc4949ebcc0eceeb8e83f7e226cc875356e9b126",
    "https://esm.sh/@supabase/supabase-js@2.117.3/denonext/dist/tracingRegistry.mjs": "35eb109fb8d0e8b4293e950b919ae70d8a2afce6c79d49b297026de53900b258",
    "https://esm.sh/@supabase/supabase-js@2.117.3/denonext/supabase-js.mjs": "b23a6c0ee00e0b482d0ffdd31844ca2751d4dddc50411a8d7c15c6bccc505cee",
    "https://esm.sh/iceberg-js@0.8.1/denonext/iceberg-js.mjs": "d839d81a2e3966500ca2cdd0c1cb458e9608bacfc91f7bb67a69b2e878dcdb4f",
    "https://esm.sh/iceberg-js@0.8.1?target=denonext": "58c849d7fe2bf4eca4a84eb501e83c161a7d8c34ca1bec15a962b3bec3062633",
    "https://esm.sh/tslib@2.8.1/denonext/tslib.mjs": "c38da5dd6da6281964435002ce204cd586634fe3bdfb24a0ee116f48cf3292e9"
  },
  "workspace": {
    "packageJson": {
      "dependencies": [
        "npm:@eslint/js@^9.39.4",
        "npm:@supabase/supabase-js@^2.105.1",
        "npm:@tailwindcss/vite@^4.3.0",
        "npm:@tanstack/react-query@^5.100.14",
        "npm:@types/node@^24.12.0",
        "npm:@types/papaparse@^5.5.2",
        "npm:@types/react-dom@^19.2.3",
        "npm:@types/react@^19.2.14",
        "npm:@vitejs/plugin-react@^6.0.1",
        "npm:clsx@^2.1.1",
        "npm:eslint-plugin-react-hooks@^7.0.1",
        "npm:eslint-plugin-react-refresh@~0.5.2",
        "npm:eslint@^9.39.4",
        "npm:globals@^17.4.0",
        "npm:lucide-react@^1.17.0",
        "npm:papaparse@^5.5.3",
        "npm:react-dom@^19.2.4",
        "npm:react-markdown@^10.1.0",
        "npm:react-router-dom@^7.13.2",
        "npm:react@^19.2.4",
        "npm:tailwind-merge@^3.6.0",
        "npm:tailwindcss@^4.3.0",
        "npm:tsx@^4.22.3",
        "npm:typescript-eslint@^8.57.0",
        "npm:typescript@~5.9.3",
        "npm:vite@^8.0.1"
      ]
    }
  }
}
